// !$*UTF8*$!
{
	archiveVersion = 1;
	classes = {
	};
	objectVersion = 48;
	objects = {

/* Begin PBXBuildFile section */
		8C59583B202658360043585D /* AppDelegate.swift in Sources */ = {isa = PBXBuildFile; fileRef = 8C59583A202658360043585D /* AppDelegate.swift */; };
		8C59583D202658360043585D /* ViewController.swift in Sources */ = {isa = PBXBuildFile; fileRef = 8C59583C202658360043585D /* ViewController.swift */; };
		8C595840202658360043585D /* Main.storyboard in Resources */ = {isa = PBXBuildFile; fileRef = 8C59583E202658360043585D /* Main.storyboard */; };
		8C595842202658360043585D /* Assets.xcassets in Resources */ = {isa = PBXBuildFile; fileRef = 8C595841202658360043585D /* Assets.xcassets */; };
		8C595845202658360043585D /* LaunchScreen.storyboard in Resources */ = {isa = PBXBuildFile; fileRef = 8C595843202658360043585D /* LaunchScreen.storyboard */; };
		8C595850202658360043585D /* DropBallTests.swift in Sources */ = {isa = PBXBuildFile; fileRef = 8C59584F202658360043585D /* DropBallTests.swift */; };
		8C59585B202658360043585D /* DropBallUITests.swift in Sources */ = {isa = PBXBuildFile; fileRef = 8C59585A202658360043585D /* DropBallUITests.swift */; };
		8C778E50202A35F800D85894 /* BallDataSource.swift in Sources */ = {isa = PBXBuildFile; fileRef = 8C778E4F202A35F800D85894 /* BallDataSource.swift */; };
		8C778E52202A366F00D85894 /* Constants.swift in Sources */ = {isa = PBXBuildFile; fileRef = 8C778E51202A366F00D85894 /* Constants.swift */; };
		8C778E54202A391E00D85894 /* Cell.swift in Sources */ = {isa = PBXBuildFile; fileRef = 8C778E53202A391E00D85894 /* Cell.swift */; };
/* End PBXBuildFile section */

/* Begin PBXContainerItemProxy section */
		8C59584C202658360043585D /* PBXContainerItemProxy */ = {
			isa = PBXContainerItemProxy;
			containerPortal = 8C59582F202658360043585D /* Project object */;
			proxyType = 1;
			remoteGlobalIDString = 8C595836202658360043585D;
			remoteInfo = DropBall;
		};
		8C595857202658360043585D /* PBXContainerItemProxy */ = {
			isa = PBXContainerItemProxy;
			containerPortal = 8C59582F202658360043585D /* Project object */;
			proxyType = 1;
			remoteGlobalIDString = 8C595836202658360043585D;
			remoteInfo = DropBall;
		};
/* End PBXContainerItemProxy section */

/* Begin PBXFileReference section */
		8C595837202658360043585D /* DropBall.app */ = {isa = PBXFileReference; explicitFileType = wrapper.application; includeInIndex = 0; path = DropBall.app; sourceTree = BUILT_PRODUCTS_DIR; };
		8C59583A202658360043585D /* AppDelegate.swift */ = {isa = PBXFileReference; lastKnownFileType = sourcecode.swift; path = AppDelegate.swift; sourceTree = "<group>"; };
		8C59583C202658360043585D /* ViewController.swift */ = {isa = PBXFileReference; lastKnownFileType = sourcecode.swift; path = ViewController.swift; sourceTree = "<group>"; };
		8C59583F202658360043585D /* Base */ = {isa = PBXFileReference; lastKnownFileType = file.storyboard; name = Base; path = Base.lproj/Main.storyboard; sourceTree = "<group>"; };
		8C595841202658360043585D /* Assets.xcassets */ = {isa = PBXFileReference; lastKnownFileType = folder.assetcatalog; path = Assets.xcassets; sourceTree = "<group>"; };
		8C595844202658360043585D /* Base */ = {isa = PBXFileReference; lastKnownFileType = file.storyboard; name = Base; path = Base.lproj/LaunchScreen.storyboard; sourceTree = "<group>"; };
		8C595846202658360043585D /* Info.plist */ = {isa = PBXFileReference; lastKnownFileType = text.plist.xml; path = Info.plist; sourceTree = "<group>"; };
		8C59584B202658360043585D /* DropBallTests.xctest */ = {isa = PBXFileReference; explicitFileType = wrapper.cfbundle; includeInIndex = 0; path = DropBallTests.xctest; sourceTree = BUILT_PRODUCTS_DIR; };
		8C59584F202658360043585D /* DropBallTests.swift */ = {isa = PBXFileReference; lastKnownFileType = sourcecode.swift; path = DropBallTests.swift; sourceTree = "<group>"; };
		8C595851202658360043585D /* Info.plist */ = {isa = PBXFileReference; lastKnownFileType = text.plist.xml; path = Info.plist; sourceTree = "<group>"; };
		8C595856202658360043585D /* DropBallUITests.xctest */ = {isa = PBXFileReference; explicitFileType = wrapper.cfbundle; includeInIndex = 0; path = DropBallUITests.xctest; sourceTree = BUILT_PRODUCTS_DIR; };
		8C59585A202658360043585D /* DropBallUITests.swift */ = {isa = PBXFileReference; lastKnownFileType = sourcecode.swift; path = DropBallUITests.swift; sourceTree = "<group>"; };
		8C59585C202658360043585D /* Info.plist */ = {isa = PBXFileReference; lastKnownFileType = text.plist.xml; path = Info.plist; sourceTree = "<group>"; };
		8C778E4F202A35F800D85894 /* BallDataSource.swift */ = {isa = PBXFileReference; lastKnownFileType = sourcecode.swift; path = BallDataSource.swift; sourceTree = "<group>"; };
		8C778E51202A366F00D85894 /* Constants.swift */ = {isa = PBXFileReference; lastKnownFileType = sourcecode.swift; path = Constants.swift; sourceTree = "<group>"; };
		8C778E53202A391E00D85894 /* Cell.swift */ = {isa = PBXFileReference; lastKnownFileType = sourcecode.swift; path = Cell.swift; sourceTree = "<group>"; };
/* End PBXFileReference section */

/* Begin PBXFrameworksBuildPhase section */
		8C595834202658360043585D /* Frameworks */ = {
			isa = PBXFrameworksBuildPhase;
			buildActionMask = 2147483647;
			files = (
			);
			runOnlyForDeploymentPostprocessing = 0;
		};
		8C595848202658360043585D /* Frameworks */ = {
			isa = PBXFrameworksBuildPhase;
			buildActionMask = 2147483647;
			files = (
			);
			runOnlyForDeploymentPostprocessing = 0;
		};
		8C595853202658360043585D /* Frameworks */ = {
			isa = PBXFrameworksBuildPhase;
			buildActionMask = 2147483647;
			files = (
			);
			runOnlyForDeploymentPostprocessing = 0;
		};
/* End PBXFrameworksBuildPhase section */

/* Begin PBXGroup section */
		8C59582E202658360043585D = {
			isa = PBXGroup;
			children = (
				8C595839202658360043585D /* DropBall */,
				8C59584E202658360043585D /* DropBallTests */,
				8C595859202658360043585D /* DropBallUITests */,
				8C595838202658360043585D /* Products */,
			);
			sourceTree = "<group>";
		};
		8C595838202658360043585D /* Products */ = {
			isa = PBXGroup;
			children = (
				8C595837202658360043585D /* DropBall.app */,
				8C59584B202658360043585D /* DropBallTests.xctest */,
				8C595856202658360043585D /* DropBallUITests.xctest */,
			);
			name = Products;
			sourceTree = "<group>";
		};
		8C595839202658360043585D /* DropBall */ = {
			isa = PBXGroup;
			children = (
				8C59583A202658360043585D /* AppDelegate.swift */,
				8C59583C202658360043585D /* ViewController.swift */,
				8C778E51202A366F00D85894 /* Constants.swift */,
				8C778E4F202A35F800D85894 /* BallDataSource.swift */,
				8C59583E202658360043585D /* Main.storyboard */,
				8C778E53202A391E00D85894 /* Cell.swift */,
				8C595841202658360043585D /* Assets.xcassets */,
				8C595843202658360043585D /* LaunchScreen.storyboard */,
				8C595846202658360043585D /* Info.plist */,
			);
			path = DropBall;
			sourceTree = "<group>";
		};
		8C59584E202658360043585D /* DropBallTests */ = {
			isa = PBXGroup;
			children = (
				8C59584F202658360043585D /* DropBallTests.swift */,
				8C595851202658360043585D /* Info.plist */,
			);
			path = DropBallTests;
			sourceTree = "<group>";
		};
		8C595859202658360043585D /* DropBallUITests */ = {
			isa = PBXGroup;
			children = (
				8C59585A202658360043585D /* DropBallUITests.swift */,
				8C59585C202658360043585D /* Info.plist */,
			);
			path = DropBallUITests;
			sourceTree = "<group>";
		};
/* End PBXGroup section */

/* Begin PBXNativeTarget section */
		8C595836202658360043585D /* DropBall */ = {
			isa = PBXNativeTarget;
			buildConfigurationList = 8C59585F202658360043585D /* Build configuration list for PBXNativeTarget "DropBall" */;
			buildPhases = (
				8C595833202658360043585D /* Sources */,
				8C595834202658360043585D /* Frameworks */,
				8C595835202658360043585D /* Resources */,
			);
			buildRules = (
			);
			dependencies = (
			);
			name = DropBall;
			productName = DropBall;
			productReference = 8C595837202658360043585D /* DropBall.app */;
			productType = "com.apple.product-type.application";
		};
		8C59584A202658360043585D /* DropBallTests */ = {
			isa = PBXNativeTarget;
			buildConfigurationList = 8C595862202658360043585D /* Build configuration list for PBXNativeTarget "DropBallTests" */;
			buildPhases = (
				8C595847202658360043585D /* Sources */,
				8C595848202658360043585D /* Frameworks */,
				8C595849202658360043585D /* Resources */,
			);
			buildRules = (
			);
			dependencies = (
				8C59584D202658360043585D /* PBXTargetDependency */,
			);
			name = DropBallTests;
			productName = DropBallTests;
			productReference = 8C59584B202658360043585D /* DropBallTests.xctest */;
			productType = "com.apple.product-type.bundle.unit-test";
		};
		8C595855202658360043585D /* DropBallUITests */ = {
			isa = PBXNativeTarget;
			buildConfigurationList = 8C595865202658360043585D /* Build configuration list for PBXNativeTarget "DropBallUITests" */;
			buildPhases = (
				8C595852202658360043585D /* Sources */,
				8C595853202658360043585D /* Frameworks */,
				8C595854202658360043585D /* Resources */,
			);
			buildRules = (
			);
			dependencies = (
				8C595858202658360043585D /* PBXTargetDependency */,
			);
			name = DropBallUITests;
			productName = DropBallUITests;
			productReference = 8C595856202658360043585D /* DropBallUITests.xctest */;
			productType = "com.apple.product-type.bundle.ui-testing";
		};
/* End PBXNativeTarget section */

/* Begin PBXProject section */
		8C59582F202658360043585D /* Project object */ = {
			isa = PBXProject;
			attributes = {
				LastSwiftUpdateCheck = 0920;
				LastUpgradeCheck = 0920;
				ORGANIZATIONNAME = "Vinitha Vijayan";
				TargetAttributes = {
					8C595836202658360043585D = {
						CreatedOnToolsVersion = 9.2;
						ProvisioningStyle = Automatic;
					};
					8C59584A202658360043585D = {
						CreatedOnToolsVersion = 9.2;
						ProvisioningStyle = Automatic;
						TestTargetID = 8C595836202658360043585D;
					};
					8C595855202658360043585D = {
						CreatedOnToolsVersion = 9.2;
						ProvisioningStyle = Automatic;
						TestTargetID = 8C595836202658360043585D;
					};
				};
			};
			buildConfigurationList = 8C595832202658360043585D /* Build configuration list for PBXProject "DropBall" */;
			compatibilityVersion = "Xcode 8.0";
			developmentRegion = en;
			hasScannedForEncodings = 0;
			knownRegions = (
				en,
				Base,
			);
			mainGroup = 8C59582E202658360043585D;
			productRefGroup = 8C595838202658360043585D /* Products */;
			projectDirPath = "";
			projectRoot = "";
			targets = (
				8C595836202658360043585D /* DropBall */,
				8C59584A202658360043585D /* DropBallTests */,
				8C595855202658360043585D /* DropBallUITests */,
			);
		};
/* End PBXProject section */

/* Begin PBXResourcesBuildPhase section */
		8C595835202658360043585D /* Resources */ = {
			isa = PBXResourcesBuildPhase;
			buildActionMask = 2147483647;
			files = (
				8C595845202658360043585D /* LaunchScreen.storyboard in Resources */,
				8C595842202658360043585D /* Assets.xcassets in Resources */,
				8C595840202658360043585D /* Main.storyboard in Resources */,
			);
			runOnlyForDeploymentPostprocessing = 0;
		};
		8C595849202658360043585D /* Resources */ = {
			isa = PBXResourcesBuildPhase;
			buildActionMask = 2147483647;
			files = (
			);
			runOnlyForDeploymentPostprocessing = 0;
		};
		8C595854202658360043585D /* Resources */ = {
			isa = PBXResourcesBuildPhase;
			buildActionMask = 2147483647;
			files = (
			);
			runOnlyForDeploymentPostprocessing = 0;
		};
/* End PBXResourcesBuildPhase section */

/* Begin PBXSourcesBuildPhase section */
		8C595833202658360043585D /* Sources */ = {
			isa = PBXSourcesBuildPhase;
			buildActionMask = 2147483647;
			files = (
				8C778E50202A35F800D85894 /* BallDataSource.swift in Sources */,
				8C59583D202658360043585D /* ViewController.swift in Sources */,
				8C778E54202A391E00D85894 /* Cell.swift in Sources */,
				8C59583B202658360043585D /* AppDelegate.swift in Sources */,
				8C778E52202A366F00D85894 /* Constants.swift in Sources */,
			);
			runOnlyForDeploymentPostprocessing = 0;
		};
		8C595847202658360043585D /* Sources */ = {
			isa = PBXSourcesBuildPhase;
			buildActionMask = 2147483647;
			files = (
				8C595850202658360043585D /* DropBallTests.swift in Sources */,
			);
			runOnlyForDeploymentPostprocessing = 0;
		};
		8C595852202658360043585D /* Sources */ = {
			isa = PBXSourcesBuildPhase;
			buildActionMask = 2147483647;
			files = (
				8C59585B202658360043585D /* DropBallUITests.swift in Sources */,
			);
			runOnlyForDeploymentPostprocessing = 0;
		};
/* End PBXSourcesBuildPhase section */

/* Begin PBXTargetDependency section */
		8C59584D202658360043585D /* PBXTargetDependency */ = {
			isa = PBXTargetDependency;
			target = 8C595836202658360043585D /* DropBall */;
			targetProxy = 8C59584C202658360043585D /* PBXContainerItemProxy */;
		};
		8C595858202658360043585D /* PBXTargetDependency */ = {
			isa = PBXTargetDependency;
			target = 8C595836202658360043585D /* DropBall */;
			targetProxy = 8C595857202658360043585D /* PBXContainerItemProxy */;
		};
/* End PBXTargetDependency section */

/* Begin PBXVariantGroup section */
		8C59583E202658360043585D /* Main.storyboard */ = {
			isa = PBXVariantGroup;
			children = (
				8C59583F202658360043585D /* Base */,
			);
			name = Main.storyboard;
			sourceTree = "<group>";
		};
		8C595843202658360043585D /* LaunchScreen.storyboard */ = {
			isa = PBXVariantGroup;
			children = (
				8C595844202658360043585D /* Base */,
			);
			name = LaunchScreen.storyboard;
			sourceTree = "<group>";
		};
/* End PBXVariantGroup section */

/* Begin XCBuildConfiguration section */
		8C59585D202658360043585D /* Debug */ = {
			isa = XCBuildConfiguration;
			buildSettings = {
				ALWAYS_SEARCH_USER_PATHS = NO;
				CLANG_ANALYZER_NONNULL = YES;
				CLANG_ANALYZER_NUMBER_OBJECT_CONVERSION = YES_AGGRESSIVE;
				CLANG_CXX_LANGUAGE_STANDARD = "gnu++14";
				CLANG_CXX_LIBRARY = "libc++";
				CLANG_ENABLE_MODULES = YES;
				CLANG_ENABLE_OBJC_ARC = YES;
				CLANG_WARN_BLOCK_CAPTURE_AUTORELEASING = YES;
				CLANG_WARN_BOOL_CONVERSION = YES;
				CLANG_WARN_COMMA = YES;
				CLANG_WARN_CONSTANT_CONVERSION = YES;
				CLANG_WARN_DIRECT_OBJC_ISA_USAGE = YES_ERROR;
				CLANG_WARN_DOCUMENTATION_COMMENTS = YES;
				CLANG_WARN_EMPTY_BODY = YES;
				CLANG_WARN_ENUM_CONVERSION = YES;
				CLANG_WARN_INFINITE_RECURSION = YES;
				CLANG_WARN_INT_CONVERSION = YES;
				CLANG_WARN_NON_LITERAL_NULL_CONVERSION = YES;
				CLANG_WARN_OBJC_LITERAL_CONVERSION = YES;
				CLANG_WARN_OBJC_ROOT_CLASS = YES_ERROR;
				CLANG_WARN_RANGE_LOOP_ANALYSIS = YES;
				CLANG_WARN_STRICT_PROTOTYPES = YES;
				CLANG_WARN_SUSPICIOUS_MOVE = YES;
				CLANG_WARN_UNGUARDED_AVAILABILITY = YES_AGGRESSIVE;
				CLANG_WARN_UNREACHABLE_CODE = YES;
				CLANG_WARN__DUPLICATE_METHOD_MATCH = YES;
				CODE_SIGN_IDENTITY = "iPhone Developer";
				COPY_PHASE_STRIP = NO;
				DEBUG_INFORMATION_FORMAT = dwarf;
				ENABLE_STRICT_OBJC_MSGSEND = YES;
				ENABLE_TESTABILITY = YES;
				GCC_C_LANGUAGE_STANDARD = gnu11;
				GCC_DYNAMIC_NO_PIC = NO;
				GCC_NO_COMMON_BLOCKS = YES;
				GCC_OPTIMIZATION_LEVEL = 0;
				GCC_PREPROCESSOR_DEFINITIONS = (
					"DEBUG=1",
					"$(inherited)",
				);
				GCC_WARN_64_TO_32_BIT_CONVERSION = YES;
				GCC_WARN_ABOUT_RETURN_TYPE = YES_ERROR;
				GCC_WARN_UNDECLARED_SELECTOR = YES;
				GCC_WARN_UNINITIALIZED_AUTOS = YES_AGGRESSIVE;
				GCC_WARN_UNUSED_FUNCTION = YES;
				GCC_WARN_UNUSED_VARIABLE = YES;
				IPHONEOS_DEPLOYMENT_TARGET = 11.2;
				MTL_ENABLE_DEBUG_INFO = YES;
				ONLY_ACTIVE_ARCH = YES;
				SDKROOT = iphoneos;
				SWIFT_ACTIVE_COMPILATION_CONDITIONS = DEBUG;
				SWIFT_OPTIMIZATION_LEVEL = "-Onone";
			};
			name = Debug;
		};
		8C59585E202658360043585D /* Release */ = {
			isa = XCBuildConfiguration;
			buildSettings = {
				ALWAYS_SEARCH_USER_PATHS = NO;
				CLANG_ANALYZER_NONNULL = YES;
				CLANG_ANALYZER_NUMBER_OBJECT_CONVERSION = YES_AGGRESSIVE;
				CLANG_CXX_LANGUAGE_STANDARD = "gnu++14";
				CLANG_CXX_LIBRARY = "libc++";
				CLANG_ENABLE_MODULES = YES;
				CLANG_ENABLE_OBJC_ARC = YES;
				CLANG_WARN_BLOCK_CAPTURE_AUTORELEASING = YES;
				CLANG_WARN_BOOL_CONVERSION = YES;
				CLANG_WARN_COMMA = YES;
				CLANG_WARN_CONSTANT_CONVERSION = YES;
				CLANG_WARN_DIRECT_OBJC_ISA_USAGE = YES_ERROR;
				CLANG_WARN_DOCUMENTATION_COMMENTS = YES;
				CLANG_WARN_EMPTY_BODY = YES;
				CLANG_WARN_ENUM_CONVERSION = YES;
				CLANG_WARN_INFINITE_RECURSION = YES;
				CLANG_WARN_INT_CONVERSION = YES;
				CLANG_WARN_NON_LITERAL_NULL_CONVERSION = YES;
				CLANG_WARN_OBJC_LITERAL_CONVERSION = YES;
				CLANG_WARN_OBJC_ROOT_CLASS = YES_ERROR;
				CLANG_WARN_RANGE_LOOP_ANALYSIS = YES;
				CLANG_WARN_STRICT_PROTOTYPES = YES;
				CLANG_WARN_SUSPICIOUS_MOVE = YES;
				CLANG_WARN_UNGUARDED_AVAILABILITY = YES_AGGRESSIVE;
				CLANG_WARN_UNREACHABLE_CODE = YES;
				CLANG_WARN__DUPLICATE_METHOD_MATCH = YES;
				CODE_SIGN_IDENTITY = "iPhone Developer";
				COPY_PHASE_STRIP = NO;
				DEBUG_INFORMATION_FORMAT = "dwarf-with-dsym";
				ENABLE_NS_ASSERTIONS = NO;
				ENABLE_STRICT_OBJC_MSGSEND = YES;
				GCC_C_LANGUAGE_STANDARD = gnu11;
				GCC_NO_COMMON_BLOCKS = YES;
				GCC_WARN_64_TO_32_BIT_CONVERSION = YES;
				GCC_WARN_ABOUT_RETURN_TYPE = YES_ERROR;
				GCC_WARN_UNDECLARED_SELECTOR = YES;
				GCC_WARN_UNINITIALIZED_AUTOS = YES_AGGRESSIVE;
				GCC_WARN_UNUSED_FUNCTION = YES;
				GCC_WARN_UNUSED_VARIABLE = YES;
				IPHONEOS_DEPLOYMENT_TARGET = 11.2;
				MTL_ENABLE_DEBUG_INFO = NO;
				SDKROOT = iphoneos;
				SWIFT_OPTIMIZATION_LEVEL = "-Owholemodule";
				VALIDATE_PRODUCT = YES;
			};
			name = Release;
		};
		8C595860202658360043585D /* Debug */ = {
			isa = XCBuildConfiguration;
			buildSettings = {
				ASSETCATALOG_COMPILER_APPICON_NAME = AppIcon;
				"CODE_SIGN_IDENTITY[sdk=iphoneos*]" = "iPhone Developer";
				CODE_SIGN_STYLE = Automatic;
				DEVELOPMENT_TEAM = HPZ49H3YY7;
				INFOPLIST_FILE = DropBall/Info.plist;
				IPHONEOS_DEPLOYMENT_TARGET = 11.0;
				LD_RUNPATH_SEARCH_PATHS = "$(inherited) @executable_path/Frameworks";
				PRODUCT_BUNDLE_IDENTIFIER = vinitha.DropBall;
				PRODUCT_NAME = "$(TARGET_NAME)";
				PROVISIONING_PROFILE_SPECIFIER = "";
				SWIFT_VERSION = 4.0;
				TARGETED_DEVICE_FAMILY = "1,2";
			};
			name = Debug;
		};
		8C595861202658360043585D /* Release */ = {
			isa = XCBuildConfiguration;
			buildSettings = {
				ASSETCATALOG_COMPILER_APPICON_NAME = AppIcon;
				"CODE_SIGN_IDENTITY[sdk=iphoneos*]" = "iPhone Developer";
				CODE_SIGN_STYLE = Automatic;
				DEVELOPMENT_TEAM = HPZ49H3YY7;
				INFOPLIST_FILE = DropBall/Info.plist;
				IPHONEOS_DEPLOYMENT_TARGET = 11.0;
				LD_RUNPATH_SEARCH_PATHS = "$(inherited) @executable_path/Frameworks";
				PRODUCT_BUNDLE_IDENTIFIER = vinitha.DropBall;
				PRODUCT_NAME = "$(TARGET_NAME)";
				PROVISIONING_PROFILE_SPECIFIER = "";
				SWIFT_VERSION = 4.0;
				TARGETED_DEVICE_FAMILY = "1,2";
			};
			name = Release;
		};
		8C595863202658360043585D /* Debug */ = {
			isa = XCBuildConfiguration;
			buildSettings = {
				ALWAYS_EMBED_SWIFT_STANDARD_LIBRARIES = YES;
				BUNDLE_LOADER = "$(TEST_HOST)";
				CODE_SIGN_STYLE = Automatic;
				INFOPLIST_FILE = DropBallTests/Info.plist;
				LD_RUNPATH_SEARCH_PATHS = "$(inherited) @executable_path/Frameworks @loader_path/Frameworks";
				PRODUCT_BUNDLE_IDENTIFIER = apple.com.DropBallTests;
				PRODUCT_NAME = "$(TARGET_NAME)";
				SWIFT_VERSION = 4.0;
				TARGETED_DEVICE_FAMILY = "1,2";
				TEST_HOST = "$(BUILT_PRODUCTS_DIR)/DropBall.app/DropBall";
			};
			name = Debug;
		};
		8C595864202658360043585D /* Release */ = {
			isa = XCBuildConfiguration;
			buildSettings = {
				ALWAYS_EMBED_SWIFT_STANDARD_LIBRARIES = YES;
				BUNDLE_LOADER = "$(TEST_HOST)";
				CODE_SIGN_STYLE = Automatic;
				INFOPLIST_FILE = DropBallTests/Info.plist;
				LD_RUNPATH_SEARCH_PATHS = "$(inherited) @executable_path/Frameworks @loader_path/Frameworks";
				PRODUCT_BUNDLE_IDENTIFIER = apple.com.DropBallTests;
				PRODUCT_NAME = "$(TARGET_NAME)";
				SWIFT_VERSION = 4.0;
				TARGETED_DEVICE_FAMILY = "1,2";
				TEST_HOST = "$(BUILT_PRODUCTS_DIR)/DropBall.app/DropBall";
			};
			name = Release;
		};
		8C595866202658360043585D /* Debug */ = {
			isa = XCBuildConfiguration;
			buildSettings = {
				ALWAYS_EMBED_SWIFT_STANDARD_LIBRARIES = YES;
				CODE_SIGN_STYLE = Automatic;
				INFOPLIST_FILE = DropBallUITests/Info.plist;
				LD_RUNPATH_SEARCH_PATHS = "$(inherited) @executable_path/Frameworks @loader_path/Frameworks";
				PRODUCT_BUNDLE_IDENTIFIER = apple.com.DropBallUITests;
				PRODUCT_NAME = "$(TARGET_NAME)";
				SWIFT_VERSION = 4.0;
				TARGETED_DEVICE_FAMILY = "1,2";
				TEST_TARGET_NAME = DropBall;
			};
			name = Debug;
		};
		8C595867202658360043585D /* Release */ = {
			isa = XCBuildConfiguration;
			buildSettings = {
				ALWAYS_EMBED_SWIFT_STANDARD_LIBRARIES = YES;
				CODE_SIGN_STYLE = Automatic;
				INFOPLIST_FILE = DropBallUITests/Info.plist;
				LD_RUNPATH_SEARCH_PATHS = "$(inherited) @executable_path/Frameworks @loader_path/Frameworks";
				PRODUCT_BUNDLE_IDENTIFIER = apple.com.DropBallUITests;
				PRODUCT_NAME = "$(TARGET_NAME)";
				SWIFT_VERSION = 4.0;
				TARGETED_DEVICE_FAMILY = "1,2";
				TEST_TARGET_NAME = DropBall;
			};
			name = Release;
		};
/* End XCBuildConfiguration section */

/* Begin XCConfigurationList section */
		8C595832202658360043585D /* Build configuration list for PBXProject "DropBall" */ = {
			isa = XCConfigurationList;
			buildConfigurations = (
				8C59585D202658360043585D /* Debug */,
				8C59585E202658360043585D /* Release */,
			);
			defaultConfigurationIsVisible = 0;
			defaultConfigurationName = Release;
		};
		8C59585F202658360043585D /* Build configuration list for PBXNativeTarget "DropBall" */ = {
			isa = XCConfigurationList;
			buildConfigurations = (
				8C595860202658360043585D /* Debug */,
				8C595861202658360043585D /* Release */,
			);
			defaultConfigurationIsVisible = 0;
			defaultConfigurationName = Release;
		};
		8C595862202658360043585D /* Build configuration list for PBXNativeTarget "DropBallTests" */ = {
			isa = XCConfigurationList;
			buildConfigurations = (
				8C595863202658360043585D /* Debug */,
				8C595864202658360043585D /* Release */,
			);
			defaultConfigurationIsVisible = 0;
			defaultConfigurationName = Release;
		};
		8C595865202658360043585D /* Build configuration list for PBXNativeTarget "DropBallUITests" */ = {
			isa = XCConfigurationList;
			buildConfigurations = (
				8C595866202658360043585D /* Debug */,
				8C595867202658360043585D /* Release */,
			);
			defaultConfigurationIsVisible = 0;
			defaultConfigurationName = Release;
		};
/* End XCConfigurationList section */
	};
	rootObject = 8C59582F202658360043585D /* Project object */;
}
